
Microsoft Visual Studio Solution File, Format Version 11.00
# Visual Studio 2010
Project("{FAE04EC0-301F-11D3-BF4B-00C04F79EFBC}") = "Assembly-CSharp", "Assembly-CSharp.csproj", "{00B01DAE-6375-53B6-1FD6-984FC374FEDF}"
EndProject
Project("{FAE04EC0-301F-11D3-BF4B-00C04F79EFBC}") = "Assembly-CSharp-Editor", "Assembly-CSharp-Editor.csproj", "{FB96F55F-5C60-C8FC-B12B-1F6EE687C136}"
EndProject
Global
	GlobalSection(SolutionConfigurationPlatforms) = preSolution
		Debug|Any CPU = Debug|Any CPU
		Release|Any CPU = Release|Any CPU
	EndGlobalSection
	GlobalSection(ProjectConfigurationPlatforms) = postSolution
		{00B01DAE-6375-53B6-1FD6-984FC374FEDF}.Debug|Any CPU.ActiveCfg = Debug|Any CPU
		{00B01DAE-6375-53B6-1FD6-984FC374FEDF}.Debug|Any CPU.Build.0 = Debug|Any CPU
		{00B01DAE-6375-53B6-1FD6-984FC374FEDF}.Release|Any CPU.ActiveCfg = Release|Any CPU
		{00B01DAE-6375-53B6-1FD6-984FC374FEDF}.Release|Any CPU.Build.0 = Release|Any CPU
		{FB96F55F-5C60-C8FC-B12B-1F6EE687C136}.Debug|Any CPU.ActiveCfg = Debug|Any CPU
		{FB96F55F-5C60-C8FC-B12B-1F6EE687C136}.Debug|Any CPU.Build.0 = Debug|Any CPU
		{FB96F55F-5C60-C8FC-B12B-1F6EE687C136}.Release|Any CPU.ActiveCfg = Release|Any CPU
		{FB96F55F-5C60-C8FC-B12B-1F6EE687C136}.Release|Any CPU.Build.0 = Release|Any CPU
	EndGlobalSection
	GlobalSection(SolutionProperties) = preSolution
		HideSolutionNode = FALSE
	EndGlobalSection
EndGlobal
